
Microsoft Visual Studio Solution File, Format Version 12.00
# Visual Studio Version 17
VisualStudioVersion = 17.8.34511.84
MinimumVisualStudioVersion = 10.0.40219.1
Project("{FAE04EC0-301F-11D3-BF4B-00C04F79EFBC}") = "C2_Lekce4", "C2_Lekce4.csproj", "{15E81BA9-1442-438F-8FD4-CD81A58EAC0F}"
EndProject
Global
	GlobalSection(SolutionConfigurationPlatforms) = preSolution
		Debug|Any CPU = Debug|Any CPU
		Release|Any CPU = Release|Any CPU
	EndGlobalSection
	GlobalSection(ProjectConfigurationPlatforms) = postSolution
		{15E81BA9-1442-438F-8FD4-CD81A58EAC0F}.Debug|Any CPU.ActiveCfg = Debug|Any CPU
		{15E81BA9-1442-438F-8FD4-CD81A58EAC0F}.Debug|Any CPU.Build.0 = Debug|Any CPU
		{15E81BA9-1442-438F-8FD4-CD81A58EAC0F}.Release|Any CPU.ActiveCfg = Release|Any CPU
		{15E81BA9-1442-438F-8FD4-CD81A58EAC0F}.Release|Any CPU.Build.0 = Release|Any CPU
	EndGlobalSection
	GlobalSection(SolutionProperties) = preSolution
		HideSolutionNode = FALSE
	EndGlobalSection
	GlobalSection(ExtensibilityGlobals) = postSolution
		SolutionGuid = {B35EBFB3-16AD-4E4B-A831-6F10A2E1701D}
	EndGlobalSection
EndGlobal
