
Microsoft Visual Studio Solution File, Format Version 12.00
# Visual Studio Version 17
VisualStudioVersion = 17.8.34511.84
MinimumVisualStudioVersion = 10.0.40219.1
Project("{FAE04EC0-301F-11D3-BF4B-00C04F79EFBC}") = "Lekce7_GrafickeObjekty", "Lekce7_GrafickeObjekty.csproj", "{4EFBC63B-7E7B-4B68-94E8-C046187F9E8B}"
EndProject
Global
	GlobalSection(SolutionConfigurationPlatforms) = preSolution
		Debug|Any CPU = Debug|Any CPU
		Release|Any CPU = Release|Any CPU
	EndGlobalSection
	GlobalSection(ProjectConfigurationPlatforms) = postSolution
		{4EFBC63B-7E7B-4B68-94E8-C046187F9E8B}.Debug|Any CPU.ActiveCfg = Debug|Any CPU
		{4EFBC63B-7E7B-4B68-94E8-C046187F9E8B}.Debug|Any CPU.Build.0 = Debug|Any CPU
		{4EFBC63B-7E7B-4B68-94E8-C046187F9E8B}.Release|Any CPU.ActiveCfg = Release|Any CPU
		{4EFBC63B-7E7B-4B68-94E8-C046187F9E8B}.Release|Any CPU.Build.0 = Release|Any CPU
	EndGlobalSection
	GlobalSection(SolutionProperties) = preSolution
		HideSolutionNode = FALSE
	EndGlobalSection
	GlobalSection(ExtensibilityGlobals) = postSolution
		SolutionGuid = {F01463E5-8227-439B-9AEC-B6293E39398D}
	EndGlobalSection
EndGlobal
