
Microsoft Visual Studio Solution File, Format Version 12.00
# Visual Studio Version 17
VisualStudioVersion = 17.8.34511.84
MinimumVisualStudioVersion = 10.0.40219.1
Project("{FAE04EC0-301F-11D3-BF4B-00C04F79EFBC}") = "Lekce3_BreakOut2", "Lekce3_BreakOut2.csproj", "{35F4D133-E8E7-4AE7-A9FA-1B5F385E06C1}"
EndProject
Global
	GlobalSection(SolutionConfigurationPlatforms) = preSolution
		Debug|Any CPU = Debug|Any CPU
		Release|Any CPU = Release|Any CPU
	EndGlobalSection
	GlobalSection(ProjectConfigurationPlatforms) = postSolution
		{35F4D133-E8E7-4AE7-A9FA-1B5F385E06C1}.Debug|Any CPU.ActiveCfg = Debug|Any CPU
		{35F4D133-E8E7-4AE7-A9FA-1B5F385E06C1}.Debug|Any CPU.Build.0 = Debug|Any CPU
		{35F4D133-E8E7-4AE7-A9FA-1B5F385E06C1}.Release|Any CPU.ActiveCfg = Release|Any CPU
		{35F4D133-E8E7-4AE7-A9FA-1B5F385E06C1}.Release|Any CPU.Build.0 = Release|Any CPU
	EndGlobalSection
	GlobalSection(SolutionProperties) = preSolution
		HideSolutionNode = FALSE
	EndGlobalSection
	GlobalSection(ExtensibilityGlobals) = postSolution
		SolutionGuid = {26474551-F85C-4F62-A8AD-3BA5B08ABA2A}
	EndGlobalSection
EndGlobal
